# This file is autogenerated, do not edit; changes may be undone by the next 'dep ensure'.


[[projects]]
  digest = "1:f7f03a73e01ef664e9d0c49b76cb1a7eba0083cf9c67ac672b146a9601c01d2c"
  name = "github.com/antonfisher/nested-logrus-formatter"
  packages = ["."]
  pruneopts = "UT"
  revision = "55ec6fd4ca7e4b939b2062692292b812ac9687cf"
  version = "v1.0.1"

[[projects]]
  digest = "1:94ffc0947c337d618b6ff5ed9abaddc1217b090c1b3a1ae4739b35b7b25851d5"
  name = "github.com/container-storage-interface/spec"
  packages = ["lib/go/csi"]
  pruneopts = "UT"
  revision = "ed0bb0e1557548aa028307f48728767cfe8f6345"
  version = "v1.0.0"

[[projects]]
  branch = "master"
  digest = "1:1ba1d79f2810270045c328ae5d674321db34e3aae468eb4233883b473c5c0467"
  name = "github.com/golang/glog"
  packages = ["."]
  pruneopts = "UT"
  revision = "23def4e6c14b4da8ac2ed8007337bc5eb5007998"

[[projects]]
  digest = "1:588beb9f80d2b0afddf05663b32d01c867da419458b560471d81cca0286e76b8"
  name = "github.com/golang/protobuf"
  packages = [
    "proto",
    "protoc-gen-go/descriptor",
    "ptypes",
    "ptypes/any",
    "ptypes/duration",
    "ptypes/timestamp",
    "ptypes/wrappers",
  ]
  pruneopts = "UT"
  revision = "aa810b61a9c79d51363740d207bb46cf8e620ed5"
  version = "v1.2.0"

[[projects]]
  branch = "master"
  digest = "1:f44d34fda864bed6d6c71514cd40b2ee097e6e67f745d5d014113e1faa5af8b7"
  name = "github.com/konsorten/go-windows-terminal-sequences"
  packages = ["."]
  pruneopts = "UT"
  revision = "b729f2633dfe35f4d1d8a32385f6685610ce1cb5"

[[projects]]
  digest = "1:69b1cc331fca23d702bd72f860c6a647afd0aa9fcbc1d0659b1365e26546dd70"
  name = "github.com/sirupsen/logrus"
  packages = ["."]
  pruneopts = "UT"
  revision = "bcd833dfe83d3cebad139e4a29ed79cb2318bf95"
  version = "v1.2.0"

[[projects]]
  branch = "master"
  digest = "1:3f3a05ae0b95893d90b9b3b5afdb79a9b3d96e4e36e099d841ae602e4aca0da8"
  name = "golang.org/x/crypto"
  packages = ["ssh/terminal"]
  pruneopts = "UT"
  revision = "e3636079e1a4c1f337f212cc5cd2aca108f6c900"

[[projects]]
  branch = "master"
  digest = "1:505dbee0833715a72a529bb57c354826ad42a4496fad787fa143699b4de1a6d0"
  name = "golang.org/x/net"
  packages = [
    "context",
    "http/httpguts",
    "http2",
    "http2/hpack",
    "idna",
    "internal/timeseries",
    "trace",
  ]
  pruneopts = "UT"
  revision = "146acd28ed5894421fb5aac80ca93bc1b1f46f87"

[[projects]]
  branch = "master"
  digest = "1:8a35cf7e4a316cee63d627d7de15b81901a19f8a3f9aff0d1a80c746a57234d6"
  name = "golang.org/x/sys"
  packages = [
    "unix",
    "windows",
  ]
  pruneopts = "UT"
  revision = "8469e314837c2e2471561de5c47bbf8bfd0d9099"

[[projects]]
  digest = "1:a2ab62866c75542dd18d2b069fec854577a20211d7c0ea6ae746072a1dccdd18"
  name = "golang.org/x/text"
  packages = [
    "collate",
    "collate/build",
    "internal/colltab",
    "internal/gen",
    "internal/tag",
    "internal/triegen",
    "internal/ucd",
    "language",
    "secure/bidirule",
    "transform",
    "unicode/bidi",
    "unicode/cldr",
    "unicode/norm",
    "unicode/rangetable",
  ]
  pruneopts = "UT"
  revision = "f21a4dfb5e38f5895301dc265a8def02365cc3d0"
  version = "v0.3.0"

[[projects]]
  branch = "master"
  digest = "1:56b0bca90b7e5d1facf5fbdacba23e4e0ce069d25381b8e2f70ef1e7ebfb9c1a"
  name = "google.golang.org/genproto"
  packages = ["googleapis/rpc/status"]
  pruneopts = "UT"
  revision = "af9cb2a35e7f169ec875002c1829c9b315cddc04"

[[projects]]
  digest = "1:ab8e92d746fb5c4c18846b0879842ac8e53b3d352449423d0924a11f1020ae1b"
  name = "google.golang.org/grpc"
  packages = [
    ".",
    "balancer",
    "balancer/base",
    "balancer/roundrobin",
    "codes",
    "connectivity",
    "credentials",
    "encoding",
    "encoding/proto",
    "grpclog",
    "internal",
    "internal/backoff",
    "internal/channelz",
    "internal/envconfig",
    "internal/grpcrand",
    "internal/transport",
    "keepalive",
    "metadata",
    "naming",
    "peer",
    "resolver",
    "resolver/dns",
    "resolver/passthrough",
    "stats",
    "status",
    "tap",
  ]
  pruneopts = "UT"
  revision = "8dea3dc473e90c8179e519d91302d0597c0ca1d1"
  version = "v1.15.0"

[[projects]]
  digest = "1:342378ac4dcb378a5448dd723f0784ae519383532f5e70ade24132c4c8693202"
  name = "gopkg.in/yaml.v2"
  packages = ["."]
  pruneopts = "UT"
  revision = "5420a8b6744d3b0345ab293f6fcba19c978f1183"
  version = "v2.2.1"

[[projects]]
  branch = "master"
  digest = "1:f5fb6c4c9e14909a66efe7d3e49403234cd52523eb3997c5753a880635e8be2d"
  name = "k8s.io/apimachinery"
  packages = ["pkg/util/sets"]
  pruneopts = "UT"
  revision = "76721d167b7088b203cf9873c616b0cfec5c77bb"

[[projects]]
  digest = "1:54f05d2b09982c6ce153e2157eef013d98133cfea437a992a1a40d702a8770e4"
  name = "k8s.io/kubernetes"
  packages = [
    "pkg/util/file",
    "pkg/util/io",
    "pkg/util/mount",
    "pkg/util/nsenter",
  ]
  pruneopts = "UT"
  revision = "4ed3216f3ec431b140b1d899130a69fc671678f4"
  version = "v1.12.1"

[[projects]]
  branch = "master"
  digest = "1:867d98a27033c52150eb4c01ca0f9be938d3010e9a4909ea3a881a83c3ac1b3f"
  name = "k8s.io/utils"
  packages = ["exec"]
  pruneopts = "UT"
  revision = "cd34563cd63c2bd7c6fe88a73c4dcf34ed8a67cb"

[solve-meta]
  analyzer-name = "dep"
  analyzer-version = 1
  input-imports = [
    "github.com/antonfisher/nested-logrus-formatter",
    "github.com/container-storage-interface/spec/lib/go/csi",
    "github.com/sirupsen/logrus",
    "golang.org/x/net/context",
    "google.golang.org/grpc",
    "google.golang.org/grpc/codes",
    "google.golang.org/grpc/status",
    "gopkg.in/yaml.v2",
    "k8s.io/kubernetes/pkg/util/mount",
  ]
  solver-name = "gps-cdcl"
  solver-version = 1
